{
  "name": "cypressrunner",
  "version": "1.0.0",
  "lockfileVersion": 1,
  "requires": true,
  "dependencies": {
    "@aduh95/viz.js": {
      "version": "3.0.1",
      "resolved": "https://registry.npmjs.org/@aduh95/viz.js/-/viz.js-3.0.1.tgz",
      "integrity": "sha512-YSvrWyjxazfSLoGzVO7HtIPYVMsUd/vA+b6lVTF35oDp/38dtdIubrdhRaUFoeKXLutms5OkhuPT6GjjA3X9zg=="
    },
    "graph-data-structure": {
      "version": "2.0.0",
      "resolved": "https://registry.npmjs.org/graph-data-structure/-/graph-data-structure-2.0.0.tgz",
      "integrity": "sha512-ravWDe9LaV0u27ZDme/8w5xHyyTqIWQsetpzDvBNJsGy4nZQB5IVw/u+7ngdEMZWsHYim+PAHatV4cGQX1XKpQ=="
    },
    "graphviz-cli": {
      "version": "1.0.0",
      "resolved": "https://registry.npmjs.org/graphviz-cli/-/graphviz-cli-1.0.0.tgz",
      "integrity": "sha512-aPv1r4kP7I5cVGu73WjVc/h5OdebB0z+acWiN+0YFnSRK2UQlWudp/xlqXCQdn/b5caw0GSxLysZS60K5pqRJw==",
      "requires": {
        "@aduh95/viz.js": "3.0.1"
      }
    }
  }
}
